
Microsoft Visual Studio Solution File, Format Version 12.00
# Visual Studio Version 17
VisualStudioVersion = 17.0.31903.59
MinimumVisualStudioVersion = 10.0.40219.1
Project("{2150E333-8FDC-42A3-9474-1A3956D46DE8}") = "src", "src", "{8F8A6A34-59A8-446F-A994-A98F574F9A3E}"
EndProject
Project("{2150E333-8FDC-42A3-9474-1A3956D46DE8}") = "Solution Items", "Solution Items", "{0F9E669C-A094-497F-92BC-9E657ABF213A}"
	ProjectSection(SolutionItems) = preProject
		.editorconfig = .editorconfig
		.gitignore = .gitignore
		README.md = README.md
		data\test.csv = data\test.csv
	EndProjectSection
EndProject
Project("{2150E333-8FDC-42A3-9474-1A3956D46DE8}") = "test", "test", "{AAF0C3E6-2C01-4C84-9E9D-77812EF704AD}"
EndProject
Project("{9A19103F-16F7-4668-BE54-9A1E7A4F7556}") = "Chirp.Core", "src\Chirp.Core\Chirp.Core.csproj", "{046F33B0-9573-4AFA-9A68-9B16344F9AF7}"
EndProject
Project("{9A19103F-16F7-4668-BE54-9A1E7A4F7556}") = "Chirp.Razor", "src\Chirp.Razor\Chirp.Razor.csproj", "{812F9670-264D-4115-A73D-98ED6EE3CF8B}"
EndProject
Project("{9A19103F-16F7-4668-BE54-9A1E7A4F7556}") = "Chirp.Infrastructure", "src\Chirp.Infrastructure\Chirp.Infrastructure.csproj", "{43E5398F-767D-4475-A8A4-FF51E2A8C06B}"
EndProject
Project("{9A19103F-16F7-4668-BE54-9A1E7A4F7556}") = "Chirp.InfrastructureTest", "test\Chirp.InfrastructureTest\Chirp.InfrastructureTest.csproj", "{57DF6D91-7879-491B-A833-F6A2BE66DED1}"
EndProject
Project("{FAE04EC0-301F-11D3-BF4B-00C04F79EFBC}") = "Chirp.RazorTest", "test\Chirp.RazorTest\Chirp.RazorTest.csproj", "{39BF6F2C-E14C-455B-979B-828AB39C9A54}"
EndProject
Global
	GlobalSection(SolutionConfigurationPlatforms) = preSolution
		Debug|Any CPU = Debug|Any CPU
		Release|Any CPU = Release|Any CPU
		Test|Any CPU = Test|Any CPU
	EndGlobalSection
	GlobalSection(ProjectConfigurationPlatforms) = postSolution
		{046F33B0-9573-4AFA-9A68-9B16344F9AF7}.Debug|Any CPU.ActiveCfg = Debug|Any CPU
		{046F33B0-9573-4AFA-9A68-9B16344F9AF7}.Debug|Any CPU.Build.0 = Debug|Any CPU
		{046F33B0-9573-4AFA-9A68-9B16344F9AF7}.Release|Any CPU.ActiveCfg = Release|Any CPU
		{046F33B0-9573-4AFA-9A68-9B16344F9AF7}.Release|Any CPU.Build.0 = Release|Any CPU
		{046F33B0-9573-4AFA-9A68-9B16344F9AF7}.Test|Any CPU.ActiveCfg = Test|Any CPU
		{046F33B0-9573-4AFA-9A68-9B16344F9AF7}.Test|Any CPU.Build.0 = Test|Any CPU
		{812F9670-264D-4115-A73D-98ED6EE3CF8B}.Debug|Any CPU.ActiveCfg = Debug|Any CPU
		{812F9670-264D-4115-A73D-98ED6EE3CF8B}.Debug|Any CPU.Build.0 = Debug|Any CPU
		{812F9670-264D-4115-A73D-98ED6EE3CF8B}.Release|Any CPU.ActiveCfg = Release|Any CPU
		{812F9670-264D-4115-A73D-98ED6EE3CF8B}.Release|Any CPU.Build.0 = Release|Any CPU
		{812F9670-264D-4115-A73D-98ED6EE3CF8B}.Test|Any CPU.ActiveCfg = Test|Any CPU
		{812F9670-264D-4115-A73D-98ED6EE3CF8B}.Test|Any CPU.Build.0 = Test|Any CPU
		{43E5398F-767D-4475-A8A4-FF51E2A8C06B}.Debug|Any CPU.ActiveCfg = Debug|Any CPU
		{43E5398F-767D-4475-A8A4-FF51E2A8C06B}.Debug|Any CPU.Build.0 = Debug|Any CPU
		{43E5398F-767D-4475-A8A4-FF51E2A8C06B}.Release|Any CPU.ActiveCfg = Release|Any CPU
		{43E5398F-767D-4475-A8A4-FF51E2A8C06B}.Release|Any CPU.Build.0 = Release|Any CPU
		{43E5398F-767D-4475-A8A4-FF51E2A8C06B}.Test|Any CPU.ActiveCfg = Test|Any CPU
		{43E5398F-767D-4475-A8A4-FF51E2A8C06B}.Test|Any CPU.Build.0 = Test|Any CPU
		{57DF6D91-7879-491B-A833-F6A2BE66DED1}.Debug|Any CPU.ActiveCfg = Debug|Any CPU
		{57DF6D91-7879-491B-A833-F6A2BE66DED1}.Debug|Any CPU.Build.0 = Debug|Any CPU
		{57DF6D91-7879-491B-A833-F6A2BE66DED1}.Release|Any CPU.ActiveCfg = Release|Any CPU
		{57DF6D91-7879-491B-A833-F6A2BE66DED1}.Release|Any CPU.Build.0 = Release|Any CPU
		{57DF6D91-7879-491B-A833-F6A2BE66DED1}.Test|Any CPU.ActiveCfg = Debug|Any CPU
		{57DF6D91-7879-491B-A833-F6A2BE66DED1}.Test|Any CPU.Build.0 = Debug|Any CPU
		{39BF6F2C-E14C-455B-979B-828AB39C9A54}.Debug|Any CPU.ActiveCfg = Debug|Any CPU
		{39BF6F2C-E14C-455B-979B-828AB39C9A54}.Debug|Any CPU.Build.0 = Debug|Any CPU
		{39BF6F2C-E14C-455B-979B-828AB39C9A54}.Release|Any CPU.ActiveCfg = Release|Any CPU
		{39BF6F2C-E14C-455B-979B-828AB39C9A54}.Release|Any CPU.Build.0 = Release|Any CPU
		{39BF6F2C-E14C-455B-979B-828AB39C9A54}.Test|Any CPU.ActiveCfg = Debug|Any CPU
		{39BF6F2C-E14C-455B-979B-828AB39C9A54}.Test|Any CPU.Build.0 = Debug|Any CPU
	EndGlobalSection
	GlobalSection(SolutionProperties) = preSolution
		HideSolutionNode = FALSE
	EndGlobalSection
	GlobalSection(NestedProjects) = preSolution
		{046F33B0-9573-4AFA-9A68-9B16344F9AF7} = {8F8A6A34-59A8-446F-A994-A98F574F9A3E}
		{812F9670-264D-4115-A73D-98ED6EE3CF8B} = {8F8A6A34-59A8-446F-A994-A98F574F9A3E}
		{43E5398F-767D-4475-A8A4-FF51E2A8C06B} = {8F8A6A34-59A8-446F-A994-A98F574F9A3E}
		{57DF6D91-7879-491B-A833-F6A2BE66DED1} = {AAF0C3E6-2C01-4C84-9E9D-77812EF704AD}
		{39BF6F2C-E14C-455B-979B-828AB39C9A54} = {AAF0C3E6-2C01-4C84-9E9D-77812EF704AD}
	EndGlobalSection
	GlobalSection(ExtensibilityGlobals) = postSolution
		SolutionGuid = {BA90D36C-5292-4D69-A21F-53581CFC6B5E}
	EndGlobalSection
EndGlobal
